
Microsoft Visual Studio Solution File, Format Version 12.00
# Visual Studio Version 17
VisualStudioVersion = 17.3.32901.215
MinimumVisualStudioVersion = 10.0.40219.1
Project("{FAE04EC0-301F-11D3-BF4B-00C04F79EFBC}") = "Casino Dice Roller", "Casino Dice Roller\Casino Dice Roller.csproj", "{0DBAFC3C-C4D0-4AA6-971A-81C9395B54CB}"
EndProject
Global
	GlobalSection(SolutionConfigurationPlatforms) = preSolution
		Debug|Any CPU = Debug|Any CPU
		Release|Any CPU = Release|Any CPU
	EndGlobalSection
	GlobalSection(ProjectConfigurationPlatforms) = postSolution
		{0DBAFC3C-C4D0-4AA6-971A-81C9395B54CB}.Debug|Any CPU.ActiveCfg = Debug|Any CPU
		{0DBAFC3C-C4D0-4AA6-971A-81C9395B54CB}.Debug|Any CPU.Build.0 = Debug|Any CPU
		{0DBAFC3C-C4D0-4AA6-971A-81C9395B54CB}.Release|Any CPU.ActiveCfg = Release|Any CPU
		{0DBAFC3C-C4D0-4AA6-971A-81C9395B54CB}.Release|Any CPU.Build.0 = Release|Any CPU
	EndGlobalSection
	GlobalSection(SolutionProperties) = preSolution
		HideSolutionNode = FALSE
	EndGlobalSection
	GlobalSection(ExtensibilityGlobals) = postSolution
		SolutionGuid = {737D80B0-3CBC-431D-9750-BEFB9D8F9227}
	EndGlobalSection
EndGlobal
